
Microsoft Visual Studio Solution File, Format Version 12.00
# Visual Studio Version 17
VisualStudioVersion = 17.11.35327.3
MinimumVisualStudioVersion = 10.0.40219.1
Project("{888888A0-9F3D-457C-B088-3A5042F75D52}") = "combat_creator_2bll", "combat_creator_2bll\combat_creator_2bll.pyproj", "{E3CDE041-A34E-4150-A873-2778D291D971}"
EndProject
Global
	GlobalSection(SolutionConfigurationPlatforms) = preSolution
		Debug|Any CPU = Debug|Any CPU
		Release|Any CPU = Release|Any CPU
	EndGlobalSection
	GlobalSection(ProjectConfigurationPlatforms) = postSolution
		{E3CDE041-A34E-4150-A873-2778D291D971}.Debug|Any CPU.ActiveCfg = Debug|Any CPU
		{E3CDE041-A34E-4150-A873-2778D291D971}.Release|Any CPU.ActiveCfg = Release|Any CPU
	EndGlobalSection
	GlobalSection(SolutionProperties) = preSolution
		HideSolutionNode = FALSE
	EndGlobalSection
	GlobalSection(ExtensibilityGlobals) = postSolution
		SolutionGuid = {799A7483-8026-446D-99F9-BBCCC744718B}
	EndGlobalSection
EndGlobal
